
Microsoft Visual Studio Solution File, Format Version 12.00
# Visual Studio Version 16
VisualStudioVersion = 16.0.29519.87
MinimumVisualStudioVersion = 15.0.26124.0
Project("{9A19103F-16F7-4668-BE54-9A1E7A4F7556}") = "Worksheets", "WS01\Worksheets.csproj", "{1F3EA428-A8A7-4F8A-B271-8D9E34DAE499}"
EndProject
Project("{9A19103F-16F7-4668-BE54-9A1E7A4F7556}") = "Composite", "Composite\Composite.csproj", "{4EA11A71-9A8F-4EA0-9A99-3FDF186DFBA5}"
EndProject
Project("{9A19103F-16F7-4668-BE54-9A1E7A4F7556}") = "AnonPipePing", "AnonPipeServer\AnonPipePing.csproj", "{EDC385F7-DAB3-4216-BE90-43510DDEB515}"
EndProject
Project("{9A19103F-16F7-4668-BE54-9A1E7A4F7556}") = "AnonPipePong", "AnonPipeClient\AnonPipePong.csproj", "{628BE4C2-DEE5-406E-8BD4-466B272890D8}"
EndProject
Project("{9A19103F-16F7-4668-BE54-9A1E7A4F7556}") = "NamedPipePing", "NamedPipePing\NamedPipePing.csproj", "{2222CC9E-F4F9-4ABC-BB42-06524F072200}"
EndProject
Project("{9A19103F-16F7-4668-BE54-9A1E7A4F7556}") = "NamedPipePong", "NamedPipePong\NamedPipePong.csproj", "{751F1A04-3505-4984-8EAE-88D418FFB542}"
EndProject
Project("{9A19103F-16F7-4668-BE54-9A1E7A4F7556}") = "MMFPing", "MMFPing\MMFPing.csproj", "{71109CD1-065E-4938-A3E1-DC743A2AC49B}"
EndProject
Project("{9A19103F-16F7-4668-BE54-9A1E7A4F7556}") = "MMFPong", "MMFPong\MMFPong.csproj", "{228935F8-459D-47FF-B62A-C6CBE65BA4C6}"
EndProject
Project("{9A19103F-16F7-4668-BE54-9A1E7A4F7556}") = "Diff", "Diff\Diff.csproj", "{0B6533F8-4191-435A-A01F-A88234E2728C}"
EndProject
Project("{9A19103F-16F7-4668-BE54-9A1E7A4F7556}") = "XMLToText", "XMLToText\XMLToText.csproj", "{D4BE48E4-81A4-4836-BCB4-593B3B83B992}"
EndProject
Project("{9A19103F-16F7-4668-BE54-9A1E7A4F7556}") = "Concurrency", "Concurrency\Concurrency.csproj", "{E198A04E-EAF1-4187-84AC-B9EBEE8A8025}"
EndProject
Project("{9A19103F-16F7-4668-BE54-9A1E7A4F7556}") = "Tests", "Tests\Tests.csproj", "{275EC366-FDB5-40AC-8162-822E5FA9F329}"
EndProject
Project("{9A19103F-16F7-4668-BE54-9A1E7A4F7556}") = "EchoServer", "EchoServer\EchoServer.csproj", "{E751B5C1-CC47-4190-B398-FEE2D058D105}"
EndProject
Project("{9A19103F-16F7-4668-BE54-9A1E7A4F7556}") = "EchoClient", "EchoClient\EchoClient.csproj", "{0605EB1D-FB68-454C-8AB1-3A6B503F9FCE}"
EndProject
Project("{2150E333-8FDC-42A3-9474-1A3956D46DE8}") = "Networking", "Networking", "{36C44B2E-FD8C-4C70-A9C9-54E6C79FDAED}"
EndProject
Project("{2150E333-8FDC-42A3-9474-1A3956D46DE8}") = "Threading+io+ipc", "Threading+io+ipc", "{8ABFDC5C-A732-4F94-BE66-13815646C4C9}"
EndProject
Project("{2150E333-8FDC-42A3-9474-1A3956D46DE8}") = "General", "General", "{FB1AACD9-C907-4205-AE40-C01F828316D4}"
EndProject
Project("{9A19103F-16F7-4668-BE54-9A1E7A4F7556}") = "MulticastEchoClient", "MulticastEcho\MulticastEchoClient.csproj", "{1A68D50D-BF8F-49E0-873B-D689D22BA8C7}"
EndProject
Project("{9A19103F-16F7-4668-BE54-9A1E7A4F7556}") = "ChatServer", "ChatServer\ChatServer.csproj", "{8212A8F0-6883-4910-A97D-66761CD36630}"
EndProject
Project("{2150E333-8FDC-42A3-9474-1A3956D46DE8}") = "WCF", "WCF", "{3E38C5F6-BD5D-4A4B-986E-A063B6763091}"
EndProject
Project("{FAE04EC0-301F-11D3-BF4B-00C04F79EFBC}") = "TodoItemService", "RestFullServiceSample\TodoItemService.csproj", "{10C6C61E-7E5F-4D60-932C-E90DF803EC7D}"
EndProject
Project("{FAE04EC0-301F-11D3-BF4B-00C04F79EFBC}") = "TestApp", "TestApp\TestApp.csproj", "{09C44D05-4DD9-435B-B40E-13BF5CEFE3C8}"
EndProject
Project("{FAE04EC0-301F-11D3-BF4B-00C04F79EFBC}") = "TodoItemAccess", "TodoItemAccess\TodoItemAccess.csproj", "{89CDF067-75A4-4F88-B818-EF270978FC70}"
EndProject
Project("{FAE04EC0-301F-11D3-BF4B-00C04F79EFBC}") = "TodoItemStorageAccess", "TodoItemStorageAccess\TodoItemStorageAccess.csproj", "{92B45ACA-7E2E-4A21-A8BA-A672B507BBA1}"
EndProject
Project("{FAE04EC0-301F-11D3-BF4B-00C04F79EFBC}") = "WebHttpCors", "WebHttpCors\WebHttpCors.csproj", "{9045E552-71C6-497F-9C91-97906155C233}"
EndProject
Global
	GlobalSection(SolutionConfigurationPlatforms) = preSolution
		Debug|Any CPU = Debug|Any CPU
		Debug|x64 = Debug|x64
		Debug|x86 = Debug|x86
		Release|Any CPU = Release|Any CPU
		Release|x64 = Release|x64
		Release|x86 = Release|x86
	EndGlobalSection
	GlobalSection(ProjectConfigurationPlatforms) = postSolution
		{1F3EA428-A8A7-4F8A-B271-8D9E34DAE499}.Debug|Any CPU.ActiveCfg = Debug|Any CPU
		{1F3EA428-A8A7-4F8A-B271-8D9E34DAE499}.Debug|Any CPU.Build.0 = Debug|Any CPU
		{1F3EA428-A8A7-4F8A-B271-8D9E34DAE499}.Debug|x64.ActiveCfg = Debug|Any CPU
		{1F3EA428-A8A7-4F8A-B271-8D9E34DAE499}.Debug|x64.Build.0 = Debug|Any CPU
		{1F3EA428-A8A7-4F8A-B271-8D9E34DAE499}.Debug|x86.ActiveCfg = Debug|Any CPU
		{1F3EA428-A8A7-4F8A-B271-8D9E34DAE499}.Debug|x86.Build.0 = Debug|Any CPU
		{1F3EA428-A8A7-4F8A-B271-8D9E34DAE499}.Release|Any CPU.ActiveCfg = Release|Any CPU
		{1F3EA428-A8A7-4F8A-B271-8D9E34DAE499}.Release|Any CPU.Build.0 = Release|Any CPU
		{1F3EA428-A8A7-4F8A-B271-8D9E34DAE499}.Release|x64.ActiveCfg = Release|Any CPU
		{1F3EA428-A8A7-4F8A-B271-8D9E34DAE499}.Release|x64.Build.0 = Release|Any CPU
		{1F3EA428-A8A7-4F8A-B271-8D9E34DAE499}.Release|x86.ActiveCfg = Release|Any CPU
		{1F3EA428-A8A7-4F8A-B271-8D9E34DAE499}.Release|x86.Build.0 = Release|Any CPU
		{4EA11A71-9A8F-4EA0-9A99-3FDF186DFBA5}.Debug|Any CPU.ActiveCfg = Debug|Any CPU
		{4EA11A71-9A8F-4EA0-9A99-3FDF186DFBA5}.Debug|Any CPU.Build.0 = Debug|Any CPU
		{4EA11A71-9A8F-4EA0-9A99-3FDF186DFBA5}.Debug|x64.ActiveCfg = Debug|Any CPU
		{4EA11A71-9A8F-4EA0-9A99-3FDF186DFBA5}.Debug|x64.Build.0 = Debug|Any CPU
		{4EA11A71-9A8F-4EA0-9A99-3FDF186DFBA5}.Debug|x86.ActiveCfg = Debug|Any CPU
		{4EA11A71-9A8F-4EA0-9A99-3FDF186DFBA5}.Debug|x86.Build.0 = Debug|Any CPU
		{4EA11A71-9A8F-4EA0-9A99-3FDF186DFBA5}.Release|Any CPU.ActiveCfg = Release|Any CPU
		{4EA11A71-9A8F-4EA0-9A99-3FDF186DFBA5}.Release|Any CPU.Build.0 = Release|Any CPU
		{4EA11A71-9A8F-4EA0-9A99-3FDF186DFBA5}.Release|x64.ActiveCfg = Release|Any CPU
		{4EA11A71-9A8F-4EA0-9A99-3FDF186DFBA5}.Release|x64.Build.0 = Release|Any CPU
		{4EA11A71-9A8F-4EA0-9A99-3FDF186DFBA5}.Release|x86.ActiveCfg = Release|Any CPU
		{4EA11A71-9A8F-4EA0-9A99-3FDF186DFBA5}.Release|x86.Build.0 = Release|Any CPU
		{EDC385F7-DAB3-4216-BE90-43510DDEB515}.Debug|Any CPU.ActiveCfg = Debug|Any CPU
		{EDC385F7-DAB3-4216-BE90-43510DDEB515}.Debug|Any CPU.Build.0 = Debug|Any CPU
		{EDC385F7-DAB3-4216-BE90-43510DDEB515}.Debug|x64.ActiveCfg = Debug|Any CPU
		{EDC385F7-DAB3-4216-BE90-43510DDEB515}.Debug|x64.Build.0 = Debug|Any CPU
		{EDC385F7-DAB3-4216-BE90-43510DDEB515}.Debug|x86.ActiveCfg = Debug|Any CPU
		{EDC385F7-DAB3-4216-BE90-43510DDEB515}.Debug|x86.Build.0 = Debug|Any CPU
		{EDC385F7-DAB3-4216-BE90-43510DDEB515}.Release|Any CPU.ActiveCfg = Release|Any CPU
		{EDC385F7-DAB3-4216-BE90-43510DDEB515}.Release|Any CPU.Build.0 = Release|Any CPU
		{EDC385F7-DAB3-4216-BE90-43510DDEB515}.Release|x64.ActiveCfg = Release|Any CPU
		{EDC385F7-DAB3-4216-BE90-43510DDEB515}.Release|x64.Build.0 = Release|Any CPU
		{EDC385F7-DAB3-4216-BE90-43510DDEB515}.Release|x86.ActiveCfg = Release|Any CPU
		{EDC385F7-DAB3-4216-BE90-43510DDEB515}.Release|x86.Build.0 = Release|Any CPU
		{628BE4C2-DEE5-406E-8BD4-466B272890D8}.Debug|Any CPU.ActiveCfg = Debug|Any CPU
		{628BE4C2-DEE5-406E-8BD4-466B272890D8}.Debug|Any CPU.Build.0 = Debug|Any CPU
		{628BE4C2-DEE5-406E-8BD4-466B272890D8}.Debug|x64.ActiveCfg = Debug|Any CPU
		{628BE4C2-DEE5-406E-8BD4-466B272890D8}.Debug|x64.Build.0 = Debug|Any CPU
		{628BE4C2-DEE5-406E-8BD4-466B272890D8}.Debug|x86.ActiveCfg = Debug|Any CPU
		{628BE4C2-DEE5-406E-8BD4-466B272890D8}.Debug|x86.Build.0 = Debug|Any CPU
		{628BE4C2-DEE5-406E-8BD4-466B272890D8}.Release|Any CPU.ActiveCfg = Release|Any CPU
		{628BE4C2-DEE5-406E-8BD4-466B272890D8}.Release|Any CPU.Build.0 = Release|Any CPU
		{628BE4C2-DEE5-406E-8BD4-466B272890D8}.Release|x64.ActiveCfg = Release|Any CPU
		{628BE4C2-DEE5-406E-8BD4-466B272890D8}.Release|x64.Build.0 = Release|Any CPU
		{628BE4C2-DEE5-406E-8BD4-466B272890D8}.Release|x86.ActiveCfg = Release|Any CPU
		{628BE4C2-DEE5-406E-8BD4-466B272890D8}.Release|x86.Build.0 = Release|Any CPU
		{2222CC9E-F4F9-4ABC-BB42-06524F072200}.Debug|Any CPU.ActiveCfg = Debug|Any CPU
		{2222CC9E-F4F9-4ABC-BB42-06524F072200}.Debug|Any CPU.Build.0 = Debug|Any CPU
		{2222CC9E-F4F9-4ABC-BB42-06524F072200}.Debug|x64.ActiveCfg = Debug|Any CPU
		{2222CC9E-F4F9-4ABC-BB42-06524F072200}.Debug|x64.Build.0 = Debug|Any CPU
		{2222CC9E-F4F9-4ABC-BB42-06524F072200}.Debug|x86.ActiveCfg = Debug|Any CPU
		{2222CC9E-F4F9-4ABC-BB42-06524F072200}.Debug|x86.Build.0 = Debug|Any CPU
		{2222CC9E-F4F9-4ABC-BB42-06524F072200}.Release|Any CPU.ActiveCfg = Release|Any CPU
		{2222CC9E-F4F9-4ABC-BB42-06524F072200}.Release|Any CPU.Build.0 = Release|Any CPU
		{2222CC9E-F4F9-4ABC-BB42-06524F072200}.Release|x64.ActiveCfg = Release|Any CPU
		{2222CC9E-F4F9-4ABC-BB42-06524F072200}.Release|x64.Build.0 = Release|Any CPU
		{2222CC9E-F4F9-4ABC-BB42-06524F072200}.Release|x86.ActiveCfg = Release|Any CPU
		{2222CC9E-F4F9-4ABC-BB42-06524F072200}.Release|x86.Build.0 = Release|Any CPU
		{751F1A04-3505-4984-8EAE-88D418FFB542}.Debug|Any CPU.ActiveCfg = Debug|Any CPU
		{751F1A04-3505-4984-8EAE-88D418FFB542}.Debug|Any CPU.Build.0 = Debug|Any CPU
		{751F1A04-3505-4984-8EAE-88D418FFB542}.Debug|x64.ActiveCfg = Debug|Any CPU
		{751F1A04-3505-4984-8EAE-88D418FFB542}.Debug|x64.Build.0 = Debug|Any CPU
		{751F1A04-3505-4984-8EAE-88D418FFB542}.Debug|x86.ActiveCfg = Debug|Any CPU
		{751F1A04-3505-4984-8EAE-88D418FFB542}.Debug|x86.Build.0 = Debug|Any CPU
		{751F1A04-3505-4984-8EAE-88D418FFB542}.Release|Any CPU.ActiveCfg = Release|Any CPU
		{751F1A04-3505-4984-8EAE-88D418FFB542}.Release|Any CPU.Build.0 = Release|Any CPU
		{751F1A04-3505-4984-8EAE-88D418FFB542}.Release|x64.ActiveCfg = Release|Any CPU
		{751F1A04-3505-4984-8EAE-88D418FFB542}.Release|x64.Build.0 = Release|Any CPU
		{751F1A04-3505-4984-8EAE-88D418FFB542}.Release|x86.ActiveCfg = Release|Any CPU
		{751F1A04-3505-4984-8EAE-88D418FFB542}.Release|x86.Build.0 = Release|Any CPU
		{71109CD1-065E-4938-A3E1-DC743A2AC49B}.Debug|Any CPU.ActiveCfg = Debug|Any CPU
		{71109CD1-065E-4938-A3E1-DC743A2AC49B}.Debug|Any CPU.Build.0 = Debug|Any CPU
		{71109CD1-065E-4938-A3E1-DC743A2AC49B}.Debug|x64.ActiveCfg = Debug|Any CPU
		{71109CD1-065E-4938-A3E1-DC743A2AC49B}.Debug|x64.Build.0 = Debug|Any CPU
		{71109CD1-065E-4938-A3E1-DC743A2AC49B}.Debug|x86.ActiveCfg = Debug|Any CPU
		{71109CD1-065E-4938-A3E1-DC743A2AC49B}.Debug|x86.Build.0 = Debug|Any CPU
		{71109CD1-065E-4938-A3E1-DC743A2AC49B}.Release|Any CPU.ActiveCfg = Release|Any CPU
		{71109CD1-065E-4938-A3E1-DC743A2AC49B}.Release|Any CPU.Build.0 = Release|Any CPU
		{71109CD1-065E-4938-A3E1-DC743A2AC49B}.Release|x64.ActiveCfg = Release|Any CPU
		{71109CD1-065E-4938-A3E1-DC743A2AC49B}.Release|x64.Build.0 = Release|Any CPU
		{71109CD1-065E-4938-A3E1-DC743A2AC49B}.Release|x86.ActiveCfg = Release|Any CPU
		{71109CD1-065E-4938-A3E1-DC743A2AC49B}.Release|x86.Build.0 = Release|Any CPU
		{228935F8-459D-47FF-B62A-C6CBE65BA4C6}.Debug|Any CPU.ActiveCfg = Debug|Any CPU
		{228935F8-459D-47FF-B62A-C6CBE65BA4C6}.Debug|Any CPU.Build.0 = Debug|Any CPU
		{228935F8-459D-47FF-B62A-C6CBE65BA4C6}.Debug|x64.ActiveCfg = Debug|Any CPU
		{228935F8-459D-47FF-B62A-C6CBE65BA4C6}.Debug|x64.Build.0 = Debug|Any CPU
		{228935F8-459D-47FF-B62A-C6CBE65BA4C6}.Debug|x86.ActiveCfg = Debug|Any CPU
		{228935F8-459D-47FF-B62A-C6CBE65BA4C6}.Debug|x86.Build.0 = Debug|Any CPU
		{228935F8-459D-47FF-B62A-C6CBE65BA4C6}.Release|Any CPU.ActiveCfg = Release|Any CPU
		{228935F8-459D-47FF-B62A-C6CBE65BA4C6}.Release|Any CPU.Build.0 = Release|Any CPU
		{228935F8-459D-47FF-B62A-C6CBE65BA4C6}.Release|x64.ActiveCfg = Release|Any CPU
		{228935F8-459D-47FF-B62A-C6CBE65BA4C6}.Release|x64.Build.0 = Release|Any CPU
		{228935F8-459D-47FF-B62A-C6CBE65BA4C6}.Release|x86.ActiveCfg = Release|Any CPU
		{228935F8-459D-47FF-B62A-C6CBE65BA4C6}.Release|x86.Build.0 = Release|Any CPU
		{0B6533F8-4191-435A-A01F-A88234E2728C}.Debug|Any CPU.ActiveCfg = Debug|Any CPU
		{0B6533F8-4191-435A-A01F-A88234E2728C}.Debug|Any CPU.Build.0 = Debug|Any CPU
		{0B6533F8-4191-435A-A01F-A88234E2728C}.Debug|x64.ActiveCfg = Debug|Any CPU
		{0B6533F8-4191-435A-A01F-A88234E2728C}.Debug|x64.Build.0 = Debug|Any CPU
		{0B6533F8-4191-435A-A01F-A88234E2728C}.Debug|x86.ActiveCfg = Debug|Any CPU
		{0B6533F8-4191-435A-A01F-A88234E2728C}.Debug|x86.Build.0 = Debug|Any CPU
		{0B6533F8-4191-435A-A01F-A88234E2728C}.Release|Any CPU.ActiveCfg = Release|Any CPU
		{0B6533F8-4191-435A-A01F-A88234E2728C}.Release|Any CPU.Build.0 = Release|Any CPU
		{0B6533F8-4191-435A-A01F-A88234E2728C}.Release|x64.ActiveCfg = Release|Any CPU
		{0B6533F8-4191-435A-A01F-A88234E2728C}.Release|x64.Build.0 = Release|Any CPU
		{0B6533F8-4191-435A-A01F-A88234E2728C}.Release|x86.ActiveCfg = Release|Any CPU
		{0B6533F8-4191-435A-A01F-A88234E2728C}.Release|x86.Build.0 = Release|Any CPU
		{D4BE48E4-81A4-4836-BCB4-593B3B83B992}.Debug|Any CPU.ActiveCfg = Debug|Any CPU
		{D4BE48E4-81A4-4836-BCB4-593B3B83B992}.Debug|Any CPU.Build.0 = Debug|Any CPU
		{D4BE48E4-81A4-4836-BCB4-593B3B83B992}.Debug|x64.ActiveCfg = Debug|Any CPU
		{D4BE48E4-81A4-4836-BCB4-593B3B83B992}.Debug|x64.Build.0 = Debug|Any CPU
		{D4BE48E4-81A4-4836-BCB4-593B3B83B992}.Debug|x86.ActiveCfg = Debug|Any CPU
		{D4BE48E4-81A4-4836-BCB4-593B3B83B992}.Debug|x86.Build.0 = Debug|Any CPU
		{D4BE48E4-81A4-4836-BCB4-593B3B83B992}.Release|Any CPU.ActiveCfg = Release|Any CPU
		{D4BE48E4-81A4-4836-BCB4-593B3B83B992}.Release|Any CPU.Build.0 = Release|Any CPU
		{D4BE48E4-81A4-4836-BCB4-593B3B83B992}.Release|x64.ActiveCfg = Release|Any CPU
		{D4BE48E4-81A4-4836-BCB4-593B3B83B992}.Release|x64.Build.0 = Release|Any CPU
		{D4BE48E4-81A4-4836-BCB4-593B3B83B992}.Release|x86.ActiveCfg = Release|Any CPU
		{D4BE48E4-81A4-4836-BCB4-593B3B83B992}.Release|x86.Build.0 = Release|Any CPU
		{E198A04E-EAF1-4187-84AC-B9EBEE8A8025}.Debug|Any CPU.ActiveCfg = Debug|Any CPU
		{E198A04E-EAF1-4187-84AC-B9EBEE8A8025}.Debug|Any CPU.Build.0 = Debug|Any CPU
		{E198A04E-EAF1-4187-84AC-B9EBEE8A8025}.Debug|x64.ActiveCfg = Debug|Any CPU
		{E198A04E-EAF1-4187-84AC-B9EBEE8A8025}.Debug|x64.Build.0 = Debug|Any CPU
		{E198A04E-EAF1-4187-84AC-B9EBEE8A8025}.Debug|x86.ActiveCfg = Debug|Any CPU
		{E198A04E-EAF1-4187-84AC-B9EBEE8A8025}.Debug|x86.Build.0 = Debug|Any CPU
		{E198A04E-EAF1-4187-84AC-B9EBEE8A8025}.Release|Any CPU.ActiveCfg = Release|Any CPU
		{E198A04E-EAF1-4187-84AC-B9EBEE8A8025}.Release|Any CPU.Build.0 = Release|Any CPU
		{E198A04E-EAF1-4187-84AC-B9EBEE8A8025}.Release|x64.ActiveCfg = Release|Any CPU
		{E198A04E-EAF1-4187-84AC-B9EBEE8A8025}.Release|x64.Build.0 = Release|Any CPU
		{E198A04E-EAF1-4187-84AC-B9EBEE8A8025}.Release|x86.ActiveCfg = Release|Any CPU
		{E198A04E-EAF1-4187-84AC-B9EBEE8A8025}.Release|x86.Build.0 = Release|Any CPU
		{275EC366-FDB5-40AC-8162-822E5FA9F329}.Debug|Any CPU.ActiveCfg = Debug|Any CPU
		{275EC366-FDB5-40AC-8162-822E5FA9F329}.Debug|Any CPU.Build.0 = Debug|Any CPU
		{275EC366-FDB5-40AC-8162-822E5FA9F329}.Debug|x64.ActiveCfg = Debug|Any CPU
		{275EC366-FDB5-40AC-8162-822E5FA9F329}.Debug|x64.Build.0 = Debug|Any CPU
		{275EC366-FDB5-40AC-8162-822E5FA9F329}.Debug|x86.ActiveCfg = Debug|Any CPU
		{275EC366-FDB5-40AC-8162-822E5FA9F329}.Debug|x86.Build.0 = Debug|Any CPU
		{275EC366-FDB5-40AC-8162-822E5FA9F329}.Release|Any CPU.ActiveCfg = Release|Any CPU
		{275EC366-FDB5-40AC-8162-822E5FA9F329}.Release|Any CPU.Build.0 = Release|Any CPU
		{275EC366-FDB5-40AC-8162-822E5FA9F329}.Release|x64.ActiveCfg = Release|Any CPU
		{275EC366-FDB5-40AC-8162-822E5FA9F329}.Release|x64.Build.0 = Release|Any CPU
		{275EC366-FDB5-40AC-8162-822E5FA9F329}.Release|x86.ActiveCfg = Release|Any CPU
		{275EC366-FDB5-40AC-8162-822E5FA9F329}.Release|x86.Build.0 = Release|Any CPU
		{E751B5C1-CC47-4190-B398-FEE2D058D105}.Debug|Any CPU.ActiveCfg = Debug|Any CPU
		{E751B5C1-CC47-4190-B398-FEE2D058D105}.Debug|Any CPU.Build.0 = Debug|Any CPU
		{E751B5C1-CC47-4190-B398-FEE2D058D105}.Debug|x64.ActiveCfg = Debug|Any CPU
		{E751B5C1-CC47-4190-B398-FEE2D058D105}.Debug|x64.Build.0 = Debug|Any CPU
		{E751B5C1-CC47-4190-B398-FEE2D058D105}.Debug|x86.ActiveCfg = Debug|Any CPU
		{E751B5C1-CC47-4190-B398-FEE2D058D105}.Debug|x86.Build.0 = Debug|Any CPU
		{E751B5C1-CC47-4190-B398-FEE2D058D105}.Release|Any CPU.ActiveCfg = Release|Any CPU
		{E751B5C1-CC47-4190-B398-FEE2D058D105}.Release|Any CPU.Build.0 = Release|Any CPU
		{E751B5C1-CC47-4190-B398-FEE2D058D105}.Release|x64.ActiveCfg = Release|Any CPU
		{E751B5C1-CC47-4190-B398-FEE2D058D105}.Release|x64.Build.0 = Release|Any CPU
		{E751B5C1-CC47-4190-B398-FEE2D058D105}.Release|x86.ActiveCfg = Release|Any CPU
		{E751B5C1-CC47-4190-B398-FEE2D058D105}.Release|x86.Build.0 = Release|Any CPU
		{0605EB1D-FB68-454C-8AB1-3A6B503F9FCE}.Debug|Any CPU.ActiveCfg = Debug|Any CPU
		{0605EB1D-FB68-454C-8AB1-3A6B503F9FCE}.Debug|Any CPU.Build.0 = Debug|Any CPU
		{0605EB1D-FB68-454C-8AB1-3A6B503F9FCE}.Debug|x64.ActiveCfg = Debug|Any CPU
		{0605EB1D-FB68-454C-8AB1-3A6B503F9FCE}.Debug|x64.Build.0 = Debug|Any CPU
		{0605EB1D-FB68-454C-8AB1-3A6B503F9FCE}.Debug|x86.ActiveCfg = Debug|Any CPU
		{0605EB1D-FB68-454C-8AB1-3A6B503F9FCE}.Debug|x86.Build.0 = Debug|Any CPU
		{0605EB1D-FB68-454C-8AB1-3A6B503F9FCE}.Release|Any CPU.ActiveCfg = Release|Any CPU
		{0605EB1D-FB68-454C-8AB1-3A6B503F9FCE}.Release|Any CPU.Build.0 = Release|Any CPU
		{0605EB1D-FB68-454C-8AB1-3A6B503F9FCE}.Release|x64.ActiveCfg = Release|Any CPU
		{0605EB1D-FB68-454C-8AB1-3A6B503F9FCE}.Release|x64.Build.0 = Release|Any CPU
		{0605EB1D-FB68-454C-8AB1-3A6B503F9FCE}.Release|x86.ActiveCfg = Release|Any CPU
		{0605EB1D-FB68-454C-8AB1-3A6B503F9FCE}.Release|x86.Build.0 = Release|Any CPU
		{1A68D50D-BF8F-49E0-873B-D689D22BA8C7}.Debug|Any CPU.ActiveCfg = Debug|Any CPU
		{1A68D50D-BF8F-49E0-873B-D689D22BA8C7}.Debug|Any CPU.Build.0 = Debug|Any CPU
		{1A68D50D-BF8F-49E0-873B-D689D22BA8C7}.Debug|x64.ActiveCfg = Debug|Any CPU
		{1A68D50D-BF8F-49E0-873B-D689D22BA8C7}.Debug|x64.Build.0 = Debug|Any CPU
		{1A68D50D-BF8F-49E0-873B-D689D22BA8C7}.Debug|x86.ActiveCfg = Debug|Any CPU
		{1A68D50D-BF8F-49E0-873B-D689D22BA8C7}.Debug|x86.Build.0 = Debug|Any CPU
		{1A68D50D-BF8F-49E0-873B-D689D22BA8C7}.Release|Any CPU.ActiveCfg = Release|Any CPU
		{1A68D50D-BF8F-49E0-873B-D689D22BA8C7}.Release|Any CPU.Build.0 = Release|Any CPU
		{1A68D50D-BF8F-49E0-873B-D689D22BA8C7}.Release|x64.ActiveCfg = Release|Any CPU
		{1A68D50D-BF8F-49E0-873B-D689D22BA8C7}.Release|x64.Build.0 = Release|Any CPU
		{1A68D50D-BF8F-49E0-873B-D689D22BA8C7}.Release|x86.ActiveCfg = Release|Any CPU
		{1A68D50D-BF8F-49E0-873B-D689D22BA8C7}.Release|x86.Build.0 = Release|Any CPU
		{8212A8F0-6883-4910-A97D-66761CD36630}.Debug|Any CPU.ActiveCfg = Debug|Any CPU
		{8212A8F0-6883-4910-A97D-66761CD36630}.Debug|Any CPU.Build.0 = Debug|Any CPU
		{8212A8F0-6883-4910-A97D-66761CD36630}.Debug|x64.ActiveCfg = Debug|Any CPU
		{8212A8F0-6883-4910-A97D-66761CD36630}.Debug|x64.Build.0 = Debug|Any CPU
		{8212A8F0-6883-4910-A97D-66761CD36630}.Debug|x86.ActiveCfg = Debug|Any CPU
		{8212A8F0-6883-4910-A97D-66761CD36630}.Debug|x86.Build.0 = Debug|Any CPU
		{8212A8F0-6883-4910-A97D-66761CD36630}.Release|Any CPU.ActiveCfg = Release|Any CPU
		{8212A8F0-6883-4910-A97D-66761CD36630}.Release|Any CPU.Build.0 = Release|Any CPU
		{8212A8F0-6883-4910-A97D-66761CD36630}.Release|x64.ActiveCfg = Release|Any CPU
		{8212A8F0-6883-4910-A97D-66761CD36630}.Release|x64.Build.0 = Release|Any CPU
		{8212A8F0-6883-4910-A97D-66761CD36630}.Release|x86.ActiveCfg = Release|Any CPU
		{8212A8F0-6883-4910-A97D-66761CD36630}.Release|x86.Build.0 = Release|Any CPU
		{10C6C61E-7E5F-4D60-932C-E90DF803EC7D}.Debug|Any CPU.ActiveCfg = Debug|Any CPU
		{10C6C61E-7E5F-4D60-932C-E90DF803EC7D}.Debug|Any CPU.Build.0 = Debug|Any CPU
		{10C6C61E-7E5F-4D60-932C-E90DF803EC7D}.Debug|x64.ActiveCfg = Debug|Any CPU
		{10C6C61E-7E5F-4D60-932C-E90DF803EC7D}.Debug|x64.Build.0 = Debug|Any CPU
		{10C6C61E-7E5F-4D60-932C-E90DF803EC7D}.Debug|x86.ActiveCfg = Debug|Any CPU
		{10C6C61E-7E5F-4D60-932C-E90DF803EC7D}.Debug|x86.Build.0 = Debug|Any CPU
		{10C6C61E-7E5F-4D60-932C-E90DF803EC7D}.Release|Any CPU.ActiveCfg = Release|Any CPU
		{10C6C61E-7E5F-4D60-932C-E90DF803EC7D}.Release|Any CPU.Build.0 = Release|Any CPU
		{10C6C61E-7E5F-4D60-932C-E90DF803EC7D}.Release|x64.ActiveCfg = Release|Any CPU
		{10C6C61E-7E5F-4D60-932C-E90DF803EC7D}.Release|x64.Build.0 = Release|Any CPU
		{10C6C61E-7E5F-4D60-932C-E90DF803EC7D}.Release|x86.ActiveCfg = Release|Any CPU
		{10C6C61E-7E5F-4D60-932C-E90DF803EC7D}.Release|x86.Build.0 = Release|Any CPU
		{09C44D05-4DD9-435B-B40E-13BF5CEFE3C8}.Debug|Any CPU.ActiveCfg = Debug|Any CPU
		{09C44D05-4DD9-435B-B40E-13BF5CEFE3C8}.Debug|Any CPU.Build.0 = Debug|Any CPU
		{09C44D05-4DD9-435B-B40E-13BF5CEFE3C8}.Debug|x64.ActiveCfg = Debug|Any CPU
		{09C44D05-4DD9-435B-B40E-13BF5CEFE3C8}.Debug|x64.Build.0 = Debug|Any CPU
		{09C44D05-4DD9-435B-B40E-13BF5CEFE3C8}.Debug|x86.ActiveCfg = Debug|Any CPU
		{09C44D05-4DD9-435B-B40E-13BF5CEFE3C8}.Debug|x86.Build.0 = Debug|Any CPU
		{09C44D05-4DD9-435B-B40E-13BF5CEFE3C8}.Release|Any CPU.ActiveCfg = Release|Any CPU
		{09C44D05-4DD9-435B-B40E-13BF5CEFE3C8}.Release|Any CPU.Build.0 = Release|Any CPU
		{09C44D05-4DD9-435B-B40E-13BF5CEFE3C8}.Release|x64.ActiveCfg = Release|Any CPU
		{09C44D05-4DD9-435B-B40E-13BF5CEFE3C8}.Release|x64.Build.0 = Release|Any CPU
		{09C44D05-4DD9-435B-B40E-13BF5CEFE3C8}.Release|x86.ActiveCfg = Release|Any CPU
		{09C44D05-4DD9-435B-B40E-13BF5CEFE3C8}.Release|x86.Build.0 = Release|Any CPU
		{89CDF067-75A4-4F88-B818-EF270978FC70}.Debug|Any CPU.ActiveCfg = Debug|Any CPU
		{89CDF067-75A4-4F88-B818-EF270978FC70}.Debug|Any CPU.Build.0 = Debug|Any CPU
		{89CDF067-75A4-4F88-B818-EF270978FC70}.Debug|x64.ActiveCfg = Debug|Any CPU
		{89CDF067-75A4-4F88-B818-EF270978FC70}.Debug|x64.Build.0 = Debug|Any CPU
		{89CDF067-75A4-4F88-B818-EF270978FC70}.Debug|x86.ActiveCfg = Debug|Any CPU
		{89CDF067-75A4-4F88-B818-EF270978FC70}.Debug|x86.Build.0 = Debug|Any CPU
		{89CDF067-75A4-4F88-B818-EF270978FC70}.Release|Any CPU.ActiveCfg = Release|Any CPU
		{89CDF067-75A4-4F88-B818-EF270978FC70}.Release|Any CPU.Build.0 = Release|Any CPU
		{89CDF067-75A4-4F88-B818-EF270978FC70}.Release|x64.ActiveCfg = Release|Any CPU
		{89CDF067-75A4-4F88-B818-EF270978FC70}.Release|x64.Build.0 = Release|Any CPU
		{89CDF067-75A4-4F88-B818-EF270978FC70}.Release|x86.ActiveCfg = Release|Any CPU
		{89CDF067-75A4-4F88-B818-EF270978FC70}.Release|x86.Build.0 = Release|Any CPU
		{92B45ACA-7E2E-4A21-A8BA-A672B507BBA1}.Debug|Any CPU.ActiveCfg = Debug|Any CPU
		{92B45ACA-7E2E-4A21-A8BA-A672B507BBA1}.Debug|Any CPU.Build.0 = Debug|Any CPU
		{92B45ACA-7E2E-4A21-A8BA-A672B507BBA1}.Debug|x64.ActiveCfg = Debug|Any CPU
		{92B45ACA-7E2E-4A21-A8BA-A672B507BBA1}.Debug|x64.Build.0 = Debug|Any CPU
		{92B45ACA-7E2E-4A21-A8BA-A672B507BBA1}.Debug|x86.ActiveCfg = Debug|Any CPU
		{92B45ACA-7E2E-4A21-A8BA-A672B507BBA1}.Debug|x86.Build.0 = Debug|Any CPU
		{92B45ACA-7E2E-4A21-A8BA-A672B507BBA1}.Release|Any CPU.ActiveCfg = Release|Any CPU
		{92B45ACA-7E2E-4A21-A8BA-A672B507BBA1}.Release|Any CPU.Build.0 = Release|Any CPU
		{92B45ACA-7E2E-4A21-A8BA-A672B507BBA1}.Release|x64.ActiveCfg = Release|Any CPU
		{92B45ACA-7E2E-4A21-A8BA-A672B507BBA1}.Release|x64.Build.0 = Release|Any CPU
		{92B45ACA-7E2E-4A21-A8BA-A672B507BBA1}.Release|x86.ActiveCfg = Release|Any CPU
		{92B45ACA-7E2E-4A21-A8BA-A672B507BBA1}.Release|x86.Build.0 = Release|Any CPU
		{9045E552-71C6-497F-9C91-97906155C233}.Debug|Any CPU.ActiveCfg = Debug|Any CPU
		{9045E552-71C6-497F-9C91-97906155C233}.Debug|Any CPU.Build.0 = Debug|Any CPU
		{9045E552-71C6-497F-9C91-97906155C233}.Debug|x64.ActiveCfg = Debug|Any CPU
		{9045E552-71C6-497F-9C91-97906155C233}.Debug|x64.Build.0 = Debug|Any CPU
		{9045E552-71C6-497F-9C91-97906155C233}.Debug|x86.ActiveCfg = Debug|Any CPU
		{9045E552-71C6-497F-9C91-97906155C233}.Debug|x86.Build.0 = Debug|Any CPU
		{9045E552-71C6-497F-9C91-97906155C233}.Release|Any CPU.ActiveCfg = Release|Any CPU
		{9045E552-71C6-497F-9C91-97906155C233}.Release|Any CPU.Build.0 = Release|Any CPU
		{9045E552-71C6-497F-9C91-97906155C233}.Release|x64.ActiveCfg = Release|Any CPU
		{9045E552-71C6-497F-9C91-97906155C233}.Release|x64.Build.0 = Release|Any CPU
		{9045E552-71C6-497F-9C91-97906155C233}.Release|x86.ActiveCfg = Release|Any CPU
		{9045E552-71C6-497F-9C91-97906155C233}.Release|x86.Build.0 = Release|Any CPU
	EndGlobalSection
	GlobalSection(SolutionProperties) = preSolution
		HideSolutionNode = FALSE
	EndGlobalSection
	GlobalSection(NestedProjects) = preSolution
		{1F3EA428-A8A7-4F8A-B271-8D9E34DAE499} = {FB1AACD9-C907-4205-AE40-C01F828316D4}
		{4EA11A71-9A8F-4EA0-9A99-3FDF186DFBA5} = {FB1AACD9-C907-4205-AE40-C01F828316D4}
		{EDC385F7-DAB3-4216-BE90-43510DDEB515} = {8ABFDC5C-A732-4F94-BE66-13815646C4C9}
		{628BE4C2-DEE5-406E-8BD4-466B272890D8} = {8ABFDC5C-A732-4F94-BE66-13815646C4C9}
		{2222CC9E-F4F9-4ABC-BB42-06524F072200} = {8ABFDC5C-A732-4F94-BE66-13815646C4C9}
		{751F1A04-3505-4984-8EAE-88D418FFB542} = {8ABFDC5C-A732-4F94-BE66-13815646C4C9}
		{71109CD1-065E-4938-A3E1-DC743A2AC49B} = {8ABFDC5C-A732-4F94-BE66-13815646C4C9}
		{228935F8-459D-47FF-B62A-C6CBE65BA4C6} = {8ABFDC5C-A732-4F94-BE66-13815646C4C9}
		{0B6533F8-4191-435A-A01F-A88234E2728C} = {8ABFDC5C-A732-4F94-BE66-13815646C4C9}
		{D4BE48E4-81A4-4836-BCB4-593B3B83B992} = {8ABFDC5C-A732-4F94-BE66-13815646C4C9}
		{E198A04E-EAF1-4187-84AC-B9EBEE8A8025} = {8ABFDC5C-A732-4F94-BE66-13815646C4C9}
		{E751B5C1-CC47-4190-B398-FEE2D058D105} = {36C44B2E-FD8C-4C70-A9C9-54E6C79FDAED}
		{0605EB1D-FB68-454C-8AB1-3A6B503F9FCE} = {36C44B2E-FD8C-4C70-A9C9-54E6C79FDAED}
		{1A68D50D-BF8F-49E0-873B-D689D22BA8C7} = {36C44B2E-FD8C-4C70-A9C9-54E6C79FDAED}
		{8212A8F0-6883-4910-A97D-66761CD36630} = {36C44B2E-FD8C-4C70-A9C9-54E6C79FDAED}
		{10C6C61E-7E5F-4D60-932C-E90DF803EC7D} = {3E38C5F6-BD5D-4A4B-986E-A063B6763091}
		{09C44D05-4DD9-435B-B40E-13BF5CEFE3C8} = {3E38C5F6-BD5D-4A4B-986E-A063B6763091}
		{89CDF067-75A4-4F88-B818-EF270978FC70} = {3E38C5F6-BD5D-4A4B-986E-A063B6763091}
		{92B45ACA-7E2E-4A21-A8BA-A672B507BBA1} = {3E38C5F6-BD5D-4A4B-986E-A063B6763091}
		{9045E552-71C6-497F-9C91-97906155C233} = {3E38C5F6-BD5D-4A4B-986E-A063B6763091}
	EndGlobalSection
	GlobalSection(ExtensibilityGlobals) = postSolution
		SolutionGuid = {B4AA47FE-0294-4720-B4F5-D2C4DCFD6877}
	EndGlobalSection
EndGlobal
